lockfileVersion: '9.0'

settings:
  autoInstallPeers: true
  excludeLinksFromLockfile: false

importers:

  .:
    dependencies:
      react:
        specifier: 19.2.6
        version: 19.2.6
    devDependencies:
      '@rslint/core':
        specifier: 0.5.3
        version: 0.5.3
      '@types/node':
        specifier: 25.6.0
        version: 25.6.0
      '@types/react':
        specifier: 19.2.14
        version: 19.2.14
      typescript:
        specifier: 6.0.3
        version: 6.0.3

packages:

  '@rslint/core@0.5.3':
    resolution: {integrity: sha512-7s7Yb9L0mwI2sl06G5HTI7ENd1iJiGYFVWbHjeJbXa7bLM5rPwkgWsYMRZo4kYQIYqpqD4Oqraor+zawEcunkw==}
    hasBin: true
    peerDependencies:
      jiti: ^2.0.0
    peerDependenciesMeta:
      jiti:
        optional: true

  '@rslint/darwin-arm64@0.5.3':
    resolution: {integrity: sha512-g/VSIw1/slkvQsNRbHpImAip/sCjEaqE/Z5ZE6plL7GXdeztWckSevu+J5v07JmILvebJ7ZUgFvMw/ydTdxofw==}
    cpu: [arm64]
    os: [darwin]

  '@rslint/darwin-x64@0.5.3':
    resolution: {integrity: sha512-+29fPLRjkNVQW7DAtgNkQH6rYg1CdjJYHhBhRHT8TJWU8+N3GrhWjbxEvW9XThkABpDqsxAGS86wCE060QuRpQ==}
    cpu: [x64]
    os: [darwin]

  '@rslint/linux-arm64@0.5.3':
    resolution: {integrity: sha512-gpvnMVVP0wPe0T9qeITkaBB9WldxQPnJP8u314cG4sDyGV/qISKvUOPPk4AM3YG0f4UU7FA9gUySLptHLcDOFw==}
    cpu: [arm64]
    os: [linux]

  '@rslint/linux-x64@0.5.3':
    resolution: {integrity: sha512-/ZzTWlZwi+Ff74tbnGYgLUc7YTDVsNuaL3EeZFuFIYk02Lge9UCCJywMExoLVTdhrZh7fRWu6nlS6sf1/okb8g==}
    cpu: [x64]
    os: [linux]

  '@rslint/win32-arm64@0.5.3':
    resolution: {integrity: sha512-l5T5VeKQKjLMpUqahU/UDRV0UQcjvxN+r6bOSl+do0xCsYXpfEiI6HlE33//+VilJ120t2SI5e8Hnidaha3XEw==}
    cpu: [arm64]
    os: [win32]

  '@rslint/win32-x64@0.5.3':
    resolution: {integrity: sha512-aPbtXTNeM9A5pA3krRzEaHGA6RLLkG5k8naNWGIfQnwfjMCk6vzjTyL6Wceg6Oq+qjTDnBLzU3RqZhpXwPeJ7w==}
    cpu: [x64]
    os: [win32]

  '@types/node@25.6.0':
    resolution: {integrity: sha512-+qIYRKdNYJwY3vRCZMdJbPLJAtGjQBudzZzdzwQYkEPQd+PJGixUL5QfvCLDaULoLv+RhT3LDkwEfKaAkgSmNQ==}

  '@types/react@19.2.14':
    resolution: {integrity: sha512-ilcTH/UniCkMdtexkoCN0bI7pMcJDvmQFPvuPvmEaYA/NSfFTAgdUSLAoVjaRJm7+6PvcM+q1zYOwS4wTYMF9w==}

  csstype@3.2.3:
    resolution: {integrity: sha512-z1HGKcYy2xA8AGQfwrn0PAy+PB7X/GSj3UVJW9qKyn43xWa+gl5nXmU4qqLMRzWVLFC8KusUX8T/0kCiOYpAIQ==}

  fdir@6.5.0:
    resolution: {integrity: sha512-tIbYtZbucOs0BRGqPJkshJUYdL+SDH7dVM8gjy+ERp3WAUjLEFJE+02kanyHtwjWOnwrKYBiwAmM0p4kLJAnXg==}
    engines: {node: '>=12.0.0'}
    peerDependencies:
      picomatch: ^3 || ^4
    peerDependenciesMeta:
      picomatch:
        optional: true

  picomatch@4.0.4:
    resolution: {integrity: sha512-QP88BAKvMam/3NxH6vj2o21R6MjxZUAd6nlwAS/pnGvN9IVLocLHxGYIzFhg6fUQ+5th6P4dv4eW9jX3DSIj7A==}
    engines: {node: '>=12'}

  react@19.2.6:
    resolution: {integrity: sha512-sfWGGfavi0xr8Pg0sVsyHMAOziVYKgPLNrS7ig+ivMNb3wbCBw3KxtflsGBAwD3gYQlE/AEZsTLgToRrSCjb0Q==}
    engines: {node: '>=0.10.0'}

  tinyglobby@0.2.15:
    resolution: {integrity: sha512-j2Zq4NyQYG5XMST4cbs02Ak8iJUdxRM0XI5QyxXuZOzKOINmWurp3smXu3y5wDcJrptwpSjgXHzIQxR0omXljQ==}
    engines: {node: '>=12.0.0'}

  typescript@6.0.3:
    resolution: {integrity: sha512-y2TvuxSZPDyQakkFRPZHKFm+KKVqIisdg9/CZwm9ftvKXLP8NRWj38/ODjNbr43SsoXqNuAisEf1GdCxqWcdBw==}
    engines: {node: '>=14.17'}
    hasBin: true

  undici-types@7.19.2:
    resolution: {integrity: sha512-qYVnV5OEm2AW8cJMCpdV20CDyaN3g0AjDlOGf1OW4iaDEx8MwdtChUp4zu4H0VP3nDRF/8RKWH+IPp9uW0YGZg==}

snapshots:

  '@rslint/core@0.5.3':
    dependencies:
      picomatch: 4.0.4
      tinyglobby: 0.2.15
    optionalDependencies:
      '@rslint/darwin-arm64': 0.5.3
      '@rslint/darwin-x64': 0.5.3
      '@rslint/linux-arm64': 0.5.3
      '@rslint/linux-x64': 0.5.3
      '@rslint/win32-arm64': 0.5.3
      '@rslint/win32-x64': 0.5.3

  '@rslint/darwin-arm64@0.5.3':
    optional: true

  '@rslint/darwin-x64@0.5.3':
    optional: true

  '@rslint/linux-arm64@0.5.3':
    optional: true

  '@rslint/linux-x64@0.5.3':
    optional: true

  '@rslint/win32-arm64@0.5.3':
    optional: true

  '@rslint/win32-x64@0.5.3':
    optional: true

  '@types/node@25.6.0':
    dependencies:
      undici-types: 7.19.2

  '@types/react@19.2.14':
    dependencies:
      csstype: 3.2.3

  csstype@3.2.3: {}

  fdir@6.5.0(picomatch@4.0.4):
    optionalDependencies:
      picomatch: 4.0.4

  picomatch@4.0.4: {}

  react@19.2.6: {}

  tinyglobby@0.2.15:
    dependencies:
      fdir: 6.5.0(picomatch@4.0.4)
      picomatch: 4.0.4

  typescript@6.0.3: {}

  undici-types@7.19.2: {}
